
Microsoft Visual Studio Solution File, Format Version 12.00
# Visual Studio Version 17
VisualStudioVersion = 17.8.34309.116
MinimumVisualStudioVersion = 10.0.40219.1
Project("{9A19103F-16F7-4668-BE54-9A1E7A4F7556}") = "Aoc2023", "Aoc2023\Aoc2023.csproj", "{E9618F1F-B42F-4E80-9D1A-B9FC6DB21972}"
EndProject
Project("{9A19103F-16F7-4668-BE54-9A1E7A4F7556}") = "Aoc2023Tests", "Aoc2023Tests\Aoc2023Tests.csproj", "{C80D3260-FD12-4E83-87B5-442AFAD6F968}"
EndProject
Project("{9A19103F-16F7-4668-BE54-9A1E7A4F7556}") = "Aoc2022", "Aoc2022\Aoc2022.csproj", "{26D6265E-2722-41F0-8F9B-F95C58D2CB88}"
EndProject
Project("{9A19103F-16F7-4668-BE54-9A1E7A4F7556}") = "Aoc2022Tests", "Aoc2022Tests\Aoc2022Tests.csproj", "{5FE94532-D7CF-471B-B025-A5158B7CA734}"
EndProject
Project("{9A19103F-16F7-4668-BE54-9A1E7A4F7556}") = "AocCommon", "AocCommon\AocCommon.csproj", "{CAEAB969-055A-4CD0-9DA3-DB778F46BA58}"
EndProject
Project("{9A19103F-16F7-4668-BE54-9A1E7A4F7556}") = "Aoc2019", "Aoc2019\Aoc2019.csproj", "{19BEB827-FAA8-4C25-8C63-15578FA32EA9}"
EndProject
Project("{9A19103F-16F7-4668-BE54-9A1E7A4F7556}") = "Aoc2019Tests", "Aoc2019Tests\Aoc2019Tests.csproj", "{B6401820-E86F-4362-A69A-4ADCAA2B4113}"
EndProject
Project("{FAE04EC0-301F-11D3-BF4B-00C04F79EFBC}") = "Aoc2020", "Aoc2020\Aoc2020.csproj", "{4DD9C0FC-3810-4E02-913B-58492C09F16F}"
EndProject
Project("{FAE04EC0-301F-11D3-BF4B-00C04F79EFBC}") = "Aoc2020Tests", "Aoc2020Tests\Aoc2020Tests.csproj", "{A8737B2F-F77A-4FA1-890D-7FC43B497D65}"
EndProject
Project("{FAE04EC0-301F-11D3-BF4B-00C04F79EFBC}") = "Aoc2024", "Aoc2024\Aoc2024.csproj", "{1FD93976-58C4-466E-B8CD-9FCFFB429663}"
	ProjectSection(ProjectDependencies) = postProject
		{CAEAB969-055A-4CD0-9DA3-DB778F46BA58} = {CAEAB969-055A-4CD0-9DA3-DB778F46BA58}
	EndProjectSection
EndProject
Project("{FAE04EC0-301F-11D3-BF4B-00C04F79EFBC}") = "Aoc2024Tests", "Aoc2024Tests\Aoc2024Tests.csproj", "{72A01E96-CA58-448B-96D0-4826B0E04210}"
EndProject
Global
	GlobalSection(SolutionConfigurationPlatforms) = preSolution
		Debug|Any CPU = Debug|Any CPU
		Release|Any CPU = Release|Any CPU
	EndGlobalSection
	GlobalSection(ProjectConfigurationPlatforms) = postSolution
		{E9618F1F-B42F-4E80-9D1A-B9FC6DB21972}.Debug|Any CPU.ActiveCfg = Debug|Any CPU
		{E9618F1F-B42F-4E80-9D1A-B9FC6DB21972}.Debug|Any CPU.Build.0 = Debug|Any CPU
		{E9618F1F-B42F-4E80-9D1A-B9FC6DB21972}.Release|Any CPU.ActiveCfg = Release|Any CPU
		{E9618F1F-B42F-4E80-9D1A-B9FC6DB21972}.Release|Any CPU.Build.0 = Release|Any CPU
		{C80D3260-FD12-4E83-87B5-442AFAD6F968}.Debug|Any CPU.ActiveCfg = Debug|Any CPU
		{C80D3260-FD12-4E83-87B5-442AFAD6F968}.Debug|Any CPU.Build.0 = Debug|Any CPU
		{C80D3260-FD12-4E83-87B5-442AFAD6F968}.Release|Any CPU.ActiveCfg = Release|Any CPU
		{C80D3260-FD12-4E83-87B5-442AFAD6F968}.Release|Any CPU.Build.0 = Release|Any CPU
		{26D6265E-2722-41F0-8F9B-F95C58D2CB88}.Debug|Any CPU.ActiveCfg = Debug|Any CPU
		{26D6265E-2722-41F0-8F9B-F95C58D2CB88}.Debug|Any CPU.Build.0 = Debug|Any CPU
		{26D6265E-2722-41F0-8F9B-F95C58D2CB88}.Release|Any CPU.ActiveCfg = Release|Any CPU
		{26D6265E-2722-41F0-8F9B-F95C58D2CB88}.Release|Any CPU.Build.0 = Release|Any CPU
		{5FE94532-D7CF-471B-B025-A5158B7CA734}.Debug|Any CPU.ActiveCfg = Debug|Any CPU
		{5FE94532-D7CF-471B-B025-A5158B7CA734}.Debug|Any CPU.Build.0 = Debug|Any CPU
		{5FE94532-D7CF-471B-B025-A5158B7CA734}.Release|Any CPU.ActiveCfg = Release|Any CPU
		{5FE94532-D7CF-471B-B025-A5158B7CA734}.Release|Any CPU.Build.0 = Release|Any CPU
		{CAEAB969-055A-4CD0-9DA3-DB778F46BA58}.Debug|Any CPU.ActiveCfg = Debug|Any CPU
		{CAEAB969-055A-4CD0-9DA3-DB778F46BA58}.Debug|Any CPU.Build.0 = Debug|Any CPU
		{CAEAB969-055A-4CD0-9DA3-DB778F46BA58}.Release|Any CPU.ActiveCfg = Release|Any CPU
		{CAEAB969-055A-4CD0-9DA3-DB778F46BA58}.Release|Any CPU.Build.0 = Release|Any CPU
		{19BEB827-FAA8-4C25-8C63-15578FA32EA9}.Debug|Any CPU.ActiveCfg = Debug|Any CPU
		{19BEB827-FAA8-4C25-8C63-15578FA32EA9}.Debug|Any CPU.Build.0 = Debug|Any CPU
		{19BEB827-FAA8-4C25-8C63-15578FA32EA9}.Release|Any CPU.ActiveCfg = Release|Any CPU
		{19BEB827-FAA8-4C25-8C63-15578FA32EA9}.Release|Any CPU.Build.0 = Release|Any CPU
		{B6401820-E86F-4362-A69A-4ADCAA2B4113}.Debug|Any CPU.ActiveCfg = Debug|Any CPU
		{B6401820-E86F-4362-A69A-4ADCAA2B4113}.Debug|Any CPU.Build.0 = Debug|Any CPU
		{B6401820-E86F-4362-A69A-4ADCAA2B4113}.Release|Any CPU.ActiveCfg = Release|Any CPU
		{B6401820-E86F-4362-A69A-4ADCAA2B4113}.Release|Any CPU.Build.0 = Release|Any CPU
		{4DD9C0FC-3810-4E02-913B-58492C09F16F}.Debug|Any CPU.ActiveCfg = Debug|Any CPU
		{4DD9C0FC-3810-4E02-913B-58492C09F16F}.Debug|Any CPU.Build.0 = Debug|Any CPU
		{4DD9C0FC-3810-4E02-913B-58492C09F16F}.Release|Any CPU.ActiveCfg = Release|Any CPU
		{4DD9C0FC-3810-4E02-913B-58492C09F16F}.Release|Any CPU.Build.0 = Release|Any CPU
		{A8737B2F-F77A-4FA1-890D-7FC43B497D65}.Debug|Any CPU.ActiveCfg = Debug|Any CPU
		{A8737B2F-F77A-4FA1-890D-7FC43B497D65}.Debug|Any CPU.Build.0 = Debug|Any CPU
		{A8737B2F-F77A-4FA1-890D-7FC43B497D65}.Release|Any CPU.ActiveCfg = Release|Any CPU
		{A8737B2F-F77A-4FA1-890D-7FC43B497D65}.Release|Any CPU.Build.0 = Release|Any CPU
		{1FD93976-58C4-466E-B8CD-9FCFFB429663}.Debug|Any CPU.ActiveCfg = Debug|Any CPU
		{1FD93976-58C4-466E-B8CD-9FCFFB429663}.Debug|Any CPU.Build.0 = Debug|Any CPU
		{1FD93976-58C4-466E-B8CD-9FCFFB429663}.Release|Any CPU.ActiveCfg = Release|Any CPU
		{1FD93976-58C4-466E-B8CD-9FCFFB429663}.Release|Any CPU.Build.0 = Release|Any CPU
		{72A01E96-CA58-448B-96D0-4826B0E04210}.Debug|Any CPU.ActiveCfg = Debug|Any CPU
		{72A01E96-CA58-448B-96D0-4826B0E04210}.Debug|Any CPU.Build.0 = Debug|Any CPU
		{72A01E96-CA58-448B-96D0-4826B0E04210}.Release|Any CPU.ActiveCfg = Release|Any CPU
		{72A01E96-CA58-448B-96D0-4826B0E04210}.Release|Any CPU.Build.0 = Release|Any CPU
	EndGlobalSection
	GlobalSection(SolutionProperties) = preSolution
		HideSolutionNode = FALSE
	EndGlobalSection
	GlobalSection(ExtensibilityGlobals) = postSolution
		SolutionGuid = {40F333DD-78BF-4032-8E57-6195A6252859}
	EndGlobalSection
EndGlobal
